
Microsoft Visual Studio Solution File, Format Version 12.00
# Visual Studio Version 17
VisualStudioVersion = 17.0.31903.59
MinimumVisualStudioVersion = 10.0.40219.1
Project("{2150E333-8FDC-42A3-9474-1A3956D46DE8}") = "src", "src", "{6B43439F-383A-445A-A481-2E2E941B99BE}"
EndProject
Project("{FAE04EC0-301F-11D3-BF4B-00C04F79EFBC}") = "SimplifiedBank", "src\SimplifiedBank\SimplifiedBank.csproj", "{9DC1C6BA-FCE0-4A32-8B89-74761F397AB4}"
EndProject
Project("{2150E333-8FDC-42A3-9474-1A3956D46DE8}") = "tests", "tests", "{1B989B6F-372A-4517-83D1-078E4CC7F938}"
EndProject
Project("{FAE04EC0-301F-11D3-BF4B-00C04F79EFBC}") = "SimplifiedBankTest", "tests\SimplifiedBank\SimplifiedBankTest.csproj", "{150FCFA4-EEC1-4062-911A-25449EB3731F}"
EndProject
Global
	GlobalSection(SolutionConfigurationPlatforms) = preSolution
		Debug|Any CPU = Debug|Any CPU
		Release|Any CPU = Release|Any CPU
	EndGlobalSection
	GlobalSection(SolutionProperties) = preSolution
		HideSolutionNode = FALSE
	EndGlobalSection
	GlobalSection(ProjectConfigurationPlatforms) = postSolution
		{9DC1C6BA-FCE0-4A32-8B89-74761F397AB4}.Debug|Any CPU.ActiveCfg = Debug|Any CPU
		{9DC1C6BA-FCE0-4A32-8B89-74761F397AB4}.Debug|Any CPU.Build.0 = Debug|Any CPU
		{9DC1C6BA-FCE0-4A32-8B89-74761F397AB4}.Release|Any CPU.ActiveCfg = Release|Any CPU
		{9DC1C6BA-FCE0-4A32-8B89-74761F397AB4}.Release|Any CPU.Build.0 = Release|Any CPU
		{150FCFA4-EEC1-4062-911A-25449EB3731F}.Debug|Any CPU.ActiveCfg = Debug|Any CPU
		{150FCFA4-EEC1-4062-911A-25449EB3731F}.Debug|Any CPU.Build.0 = Debug|Any CPU
		{150FCFA4-EEC1-4062-911A-25449EB3731F}.Release|Any CPU.ActiveCfg = Release|Any CPU
		{150FCFA4-EEC1-4062-911A-25449EB3731F}.Release|Any CPU.Build.0 = Release|Any CPU
	EndGlobalSection
	GlobalSection(NestedProjects) = preSolution
		{9DC1C6BA-FCE0-4A32-8B89-74761F397AB4} = {6B43439F-383A-445A-A481-2E2E941B99BE}
		{150FCFA4-EEC1-4062-911A-25449EB3731F} = {1B989B6F-372A-4517-83D1-078E4CC7F938}
	EndGlobalSection
EndGlobal
