
Microsoft Visual Studio Solution File, Format Version 12.00
# Visual Studio Version 17
VisualStudioVersion = 17.0.31903.59
MinimumVisualStudioVersion = 10.0.40219.1
Project("{2150E333-8FDC-42A3-9474-1A3956D46DE8}") = "src", "src", "{6B43439F-383A-445A-A481-2E2E941B99BE}"
	ProjectSection(SolutionItems) = preProject
		.dockerignore = .dockerignore
	EndProjectSection
EndProject
Project("{2150E333-8FDC-42A3-9474-1A3956D46DE8}") = "tests", "tests", "{1B989B6F-372A-4517-83D1-078E4CC7F938}"
EndProject
Project("{FAE04EC0-301F-11D3-BF4B-00C04F79EFBC}") = "Bank", "src\Bank\Bank.csproj", "{0E526006-8011-48C8-8D67-ED91B1EE9361}"
EndProject
Project("{2150E333-8FDC-42A3-9474-1A3956D46DE8}") = "docker", "docker", "{9D2A2239-9C7F-4DC4-99BB-FCCF90F4D75E}"
	ProjectSection(SolutionItems) = preProject
		docker\compose.yml = docker\compose.yml
	EndProjectSection
EndProject
Project("{FAE04EC0-301F-11D3-BF4B-00C04F79EFBC}") = "BankTest", "tests\BankTest\BankTest.csproj", "{576B10F2-C27D-4DB9-A6B1-E075123C9B1B}"
EndProject
Global
	GlobalSection(SolutionConfigurationPlatforms) = preSolution
		Debug|Any CPU = Debug|Any CPU
		Release|Any CPU = Release|Any CPU
	EndGlobalSection
	GlobalSection(SolutionProperties) = preSolution
		HideSolutionNode = FALSE
	EndGlobalSection
	GlobalSection(ProjectConfigurationPlatforms) = postSolution
		{0E526006-8011-48C8-8D67-ED91B1EE9361}.Debug|Any CPU.ActiveCfg = Debug|Any CPU
		{0E526006-8011-48C8-8D67-ED91B1EE9361}.Debug|Any CPU.Build.0 = Debug|Any CPU
		{0E526006-8011-48C8-8D67-ED91B1EE9361}.Release|Any CPU.ActiveCfg = Release|Any CPU
		{0E526006-8011-48C8-8D67-ED91B1EE9361}.Release|Any CPU.Build.0 = Release|Any CPU
		{576B10F2-C27D-4DB9-A6B1-E075123C9B1B}.Debug|Any CPU.ActiveCfg = Debug|Any CPU
		{576B10F2-C27D-4DB9-A6B1-E075123C9B1B}.Debug|Any CPU.Build.0 = Debug|Any CPU
		{576B10F2-C27D-4DB9-A6B1-E075123C9B1B}.Release|Any CPU.ActiveCfg = Release|Any CPU
		{576B10F2-C27D-4DB9-A6B1-E075123C9B1B}.Release|Any CPU.Build.0 = Release|Any CPU
	EndGlobalSection
	GlobalSection(NestedProjects) = preSolution
		{0E526006-8011-48C8-8D67-ED91B1EE9361} = {6B43439F-383A-445A-A481-2E2E941B99BE}
		{576B10F2-C27D-4DB9-A6B1-E075123C9B1B} = {1B989B6F-372A-4517-83D1-078E4CC7F938}
	EndGlobalSection
EndGlobal
